{
  "schema": "kb.marketplace/2",
  "installed": {
    "@kb-labs/adapters-workspace-worktree": {
      "version": "0.8.0",
      "integrity": "sha256-UIvMh8LUYIo7fEnMWSKO2GcAFn6mEmeiRgMud60MApo=",
      "resolvedPath": "./adapters/workspace-worktree",
      "installedAt": "2026-04-11T10:50:13.102Z",
      "source": "local",
      "primaryKind": "adapter",
      "provides": [
        "adapter"
      ],
      "enabled": true
    },
    "@kb-labs/adapters-workspace-localfs": {
      "version": "0.8.0",
      "integrity": "sha256-lrvzn6ZReJMnniVdmwX0n5Oa2KBuFOs748RDBbhi53k=",
      "resolvedPath": "./adapters/workspace-localfs",
      "installedAt": "2026-04-11T10:50:13.103Z",
      "source": "local",
      "primaryKind": "adapter",
      "provides": [
        "adapter"
      ],
      "enabled": true
    },
    "@kb-labs/adapters-workspace-agent": {
      "version": "0.8.0",
      "integrity": "sha256-TmxT9cehYqL+gWV9ldt09imGw3SUED60YoHP5Zb4lHw=",
      "resolvedPath": "./adapters/workspace-agent",
      "installedAt": "2026-04-11T10:50:13.103Z",
      "source": "local",
      "primaryKind": "adapter",
      "provides": [
        "adapter"
      ],
      "enabled": true
    },
    "@kb-labs/adapters-vibeproxy": {
      "version": "0.8.0",
      "integrity": "sha256-Ed2AV5XIgsLtS69174/I2gfIpuIFXTEfKBZKFy+t0dA=",
      "resolvedPath": "./adapters/vibeproxy",
      "installedAt": "2026-04-11T10:50:13.104Z",
      "source": "local",
      "primaryKind": "adapter",
      "provides": [
        "adapter"
      ],
      "enabled": true
    },
    "@kb-labs/adapters-sqlite": {
      "version": "0.8.0",
      "integrity": "sha256-IirD3nEU0dMtg3o4qvAQ8ng2BESmtjwzoxhlCMjYKqs=",
      "resolvedPath": "./adapters/sqlite",
      "installedAt": "2026-04-11T10:50:13.105Z",
      "source": "local",
      "primaryKind": "adapter",
      "provides": [
        "adapter"
      ],
      "enabled": true
    },
    "@kb-labs/adapters-snapshot-localfs": {
      "version": "0.8.0",
      "integrity": "sha256-DLwdithT67SPmL8ErZr3TSOiC4jSIctI5FaKdJod9SQ=",
      "resolvedPath": "./adapters/snapshot-localfs",
      "installedAt": "2026-04-11T10:50:13.105Z",
      "source": "local",
      "primaryKind": "adapter",
      "provides": [
        "adapter"
      ],
      "enabled": true
    },
    "@kb-labs/adapters-redis": {
      "version": "0.8.0",
      "integrity": "sha256-4bcydAFZJ8PGQEyShcNo3SnKYQtpRWgLjrWMw2WJVcE=",
      "resolvedPath": "./adapters/redis",
      "installedAt": "2026-04-11T10:50:13.106Z",
      "source": "local",
      "primaryKind": "adapter",
      "provides": [
        "adapter"
      ],
      "enabled": true
    },
    "@kb-labs/adapters-qdrant": {
      "version": "0.8.0",
      "integrity": "sha256-z+0Zyq4VObzVq2OlZEs3GX6Ma/RXrXRuoECjUA3gE8g=",
      "resolvedPath": "./adapters/qdrant",
      "installedAt": "2026-04-11T10:50:13.106Z",
      "source": "local",
      "primaryKind": "adapter",
      "provides": [
        "adapter"
      ],
      "enabled": true
    },
    "@kb-labs/adapters-pino": {
      "version": "0.8.0",
      "integrity": "sha256-60MiBZ55+LJJcr/YmBgSCdFxIij5ivkffw23edCBhAo=",
      "resolvedPath": "./adapters/pino",
      "installedAt": "2026-04-11T10:50:13.107Z",
      "source": "local",
      "primaryKind": "adapter",
      "provides": [
        "adapter"
      ],
      "enabled": true
    },
    "@kb-labs/adapters-openai": {
      "version": "0.8.0",
      "integrity": "sha256-hPSFcI8TZxgufYMawybRPDnf4Knj2Gcqh2TN3dF3OBw=",
      "resolvedPath": "./adapters/openai",
      "installedAt": "2026-04-11T10:50:13.108Z",
      "source": "local",
      "primaryKind": "adapter",
      "provides": [
        "adapter"
      ],
      "enabled": true
    },
    "@kb-labs/adapters-mongodb": {
      "version": "0.8.0",
      "integrity": "sha256-RJRb4oY1bCdZ3S5+rA3t9RjxCJAUAgTasD2WqtJjJUo=",
      "resolvedPath": "./adapters/mongodb",
      "installedAt": "2026-04-11T10:50:13.109Z",
      "source": "local",
      "primaryKind": "adapter",
      "provides": [
        "adapter"
      ],
      "enabled": true
    },
    "@kb-labs/adapters-log-sqlite": {
      "version": "0.8.0",
      "integrity": "sha256-sGm0Qrfv3T5leW76V2fEmBpY0tov4IQZMPJ46iREP/c=",
      "resolvedPath": "./adapters/log-sqlite",
      "installedAt": "2026-04-11T10:50:13.109Z",
      "source": "local",
      "primaryKind": "adapter",
      "provides": [
        "adapter"
      ],
      "enabled": true
    },
    "@kb-labs/adapters-log-ringbuffer": {
      "version": "0.8.0",
      "integrity": "sha256-ndWy0nKDXx37it6EAvM7SeoseMWgz9IS1haBFEaUzyk=",
      "resolvedPath": "./adapters/log-ringbuffer",
      "installedAt": "2026-04-11T10:50:13.109Z",
      "source": "local",
      "primaryKind": "adapter",
      "provides": [
        "adapter"
      ],
      "enabled": true
    },
    "@kb-labs/adapters-kblabs-gateway": {
      "version": "0.1.0",
      "integrity": "sha256-/OdH9AI/QoESOBS+DE4FU+Dc8DmNQoBBLt/u/xjog6U=",
      "resolvedPath": "./adapters/kblabs-gateway",
      "installedAt": "2026-04-11T10:50:13.110Z",
      "source": "local",
      "primaryKind": "adapter",
      "provides": [
        "adapter"
      ],
      "enabled": true
    },
    "@kb-labs/adapters-fs": {
      "version": "0.8.0",
      "integrity": "sha256-cu9NIE2n1KnXnvBhSNt8tl/96PJYm+7zl2FJ11qPOyA=",
      "resolvedPath": "./adapters/fs",
      "installedAt": "2026-04-11T10:50:13.110Z",
      "source": "local",
      "primaryKind": "adapter",
      "provides": [
        "adapter"
      ],
      "enabled": true
    },
    "@kb-labs/adapters-eventbus-cache": {
      "version": "0.8.0",
      "integrity": "sha256-PVFabmhIsbHk7j30JUEcch4QjoL9T9T0PaesAu6ktqI=",
      "resolvedPath": "./adapters/eventbus-cache",
      "installedAt": "2026-04-11T10:50:13.111Z",
      "source": "local",
      "primaryKind": "adapter",
      "provides": [
        "adapter"
      ],
      "enabled": true
    },
    "@kb-labs/adapters-environment-docker": {
      "version": "0.8.0",
      "integrity": "sha256-PEttbdafjdUk+npGi5gUizt8QVzuNBbqGZLvBap0gtI=",
      "resolvedPath": "./adapters/environment-docker",
      "installedAt": "2026-04-11T10:50:13.111Z",
      "source": "local",
      "primaryKind": "adapter",
      "provides": [
        "adapter"
      ],
      "enabled": true
    },
    "@kb-labs/adapters-analytics-sqlite": {
      "version": "0.8.0",
      "integrity": "sha256-e6EGt+BaDEzB3T8sFL2bvJuBgNNXikyB/Vj3oOPUCK0=",
      "resolvedPath": "./adapters/analytics-sqlite",
      "installedAt": "2026-04-11T10:50:13.112Z",
      "source": "local",
      "primaryKind": "adapter",
      "provides": [
        "adapter"
      ],
      "enabled": true
    },
    "@kb-labs/adapters-analytics-file": {
      "version": "0.8.0",
      "integrity": "sha256-ljFbyzaxBm+sirhDK8lzQUfsbxMt/ECUCB5qkBLLdP8=",
      "resolvedPath": "./adapters/analytics-file",
      "installedAt": "2026-04-11T10:50:13.112Z",
      "source": "local",
      "primaryKind": "adapter",
      "provides": [
        "adapter"
      ],
      "enabled": true
    },
    "@kb-labs/adapters-analytics-duckdb": {
      "version": "0.8.0",
      "integrity": "sha256-xA84RogIbxFvFdOHDYgcwvUgYEmsf1k7rI8xn2cdQ9g=",
      "resolvedPath": "./adapters/analytics-duckdb",
      "installedAt": "2026-04-11T10:50:13.112Z",
      "source": "local",
      "primaryKind": "adapter",
      "provides": [
        "adapter"
      ],
      "enabled": true
    },
    "@kb-labs/policy-core": {
      "version": "0.5.0",
      "integrity": "sha256-mpAFkXIbKYe1aU1sL44c0A/7DNdaAI8kfy4ire7/Gxc=",
      "resolvedPath": "./plugins/policy/core",
      "installedAt": "2026-04-11T10:50:13.114Z",
      "source": "local",
      "primaryKind": "plugin",
      "provides": [
        "plugin",
        "cli-command"
      ],
      "enabled": true
    },
    "@kb-labs/impact-core": {
      "version": "0.5.0",
      "integrity": "sha256-euqYSGroVdWvf/qZr2rfTKnG9WhH454MbhifEAHdN7U=",
      "resolvedPath": "./plugins/impact/core",
      "installedAt": "2026-04-11T10:50:13.115Z",
      "source": "local",
      "primaryKind": "plugin",
      "provides": [
        "plugin",
        "cli-command"
      ],
      "enabled": true
    },
    "@kb-labs/workflow": {
      "version": "2.14.0",
      "integrity": "sha256-4vJjOsnk/3FQBTH09G7JtYqFbq0SDlLO8prOg0YP1u8=",
      "resolvedPath": "./plugins/workflow/entry",
      "installedAt": "2026-04-12T15:19:02.455Z",
      "source": "local",
      "primaryKind": "plugin",
      "provides": [
        "plugin",
        "cli-command",
        "rest-route",
        "ws-channel",
        "studio-widget",
        "studio-menu"
      ],
      "enabled": true
    },
    "@kb-labs/review": {
      "version": "2.14.0",
      "integrity": "sha256-NS38fisBWRHIN4CHWKv68SMgwQhLdFnk7U/FfXpbzA4=",
      "resolvedPath": "./plugins/review/entry",
      "installedAt": "2026-04-12T15:19:02.456Z",
      "source": "local",
      "primaryKind": "plugin",
      "provides": [
        "plugin",
        "cli-command"
      ],
      "enabled": true
    },
    "@kb-labs/quality": {
      "version": "2.14.0",
      "integrity": "sha256-9x8ZsDA0K+lgaU5HjHONhC2iGd8E7BCpAMNRmr6Kydc=",
      "resolvedPath": "./plugins/quality/entry",
      "installedAt": "2026-04-12T15:19:02.483Z",
      "source": "local",
      "primaryKind": "plugin",
      "provides": [
        "plugin",
        "cli-command",
        "rest-route",
        "studio-widget",
        "studio-menu"
      ],
      "enabled": true
    },
    "@kb-labs/qa": {
      "version": "2.14.0",
      "integrity": "sha256-KWcbnkd0NlEY3EmEWUa0mXIGy8LZ0Wcld2Aap5YwRFg=",
      "resolvedPath": "./plugins/qa/entry",
      "installedAt": "2026-04-12T15:19:02.765Z",
      "source": "local",
      "primaryKind": "plugin",
      "provides": [
        "plugin",
        "cli-command",
        "rest-route",
        "studio-widget",
        "studio-menu"
      ],
      "enabled": true
    },
    "@kb-labs/mind": {
      "version": "2.14.0",
      "integrity": "sha256-PNw7tmj1UC6AJhrDcmmrV5IDobNwEnWxBRQmT3Z7/tw=",
      "resolvedPath": "./plugins/mind/entry",
      "installedAt": "2026-04-12T15:19:02.773Z",
      "source": "local",
      "primaryKind": "plugin",
      "provides": [
        "plugin",
        "cli-command"
      ],
      "enabled": true
    },
    "@kb-labs/marketplace": {
      "version": "2.14.0",
      "integrity": "sha256-p1V7+HyqSWYXILRh6RcKXszP4StQ/AGJcnjtLpTko+k=",
      "resolvedPath": "./plugins/marketplace/entry",
      "installedAt": "2026-04-12T15:19:02.780Z",
      "source": "local",
      "primaryKind": "plugin",
      "provides": [
        "plugin",
        "cli-command"
      ],
      "enabled": true
    },
    "@kb-labs/host-agent": {
      "version": "2.14.0",
      "integrity": "sha256-rdGP+pGxSzRhWpuyMZu7tAvnscbHznMbP3eS90FlYPE=",
      "resolvedPath": "./plugins/host-agent/entry",
      "installedAt": "2026-04-12T15:19:02.781Z",
      "source": "local",
      "primaryKind": "plugin",
      "provides": [
        "plugin",
        "cli-command"
      ],
      "enabled": true
    },
    "@kb-labs/devlink": {
      "version": "2.14.0",
      "integrity": "sha256-Yw7ehBCa0OW+Y6KtshuG4HwfIIG0iharGyS83GNbz5o=",
      "resolvedPath": "./plugins/devlink/entry",
      "installedAt": "2026-04-12T15:19:02.796Z",
      "source": "local",
      "primaryKind": "plugin",
      "provides": [
        "plugin",
        "cli-command"
      ],
      "enabled": true
    },
    "@kb-labs/commit": {
      "version": "2.14.0",
      "integrity": "sha256-GY28oImZsooAtbZIgINcHQ/IGRLSh9B0jfJyr3EOAe0=",
      "resolvedPath": "./plugins/commit/entry",
      "installedAt": "2026-04-12T15:19:02.803Z",
      "source": "local",
      "primaryKind": "plugin",
      "provides": [
        "plugin",
        "cli-command",
        "rest-route",
        "studio-widget",
        "studio-menu"
      ],
      "enabled": true
    },
    "@kb-labs/agent": {
      "version": "2.14.0",
      "integrity": "sha256-DOrt4FfqXZ87kG+HYFgFegLTPTYYI3cB4PAZ5IhQKKc=",
      "resolvedPath": "./plugins/agents/entry",
      "installedAt": "2026-04-12T15:19:02.807Z",
      "source": "local",
      "primaryKind": "plugin",
      "provides": [
        "plugin",
        "cli-command",
        "rest-route",
        "ws-channel",
        "studio-widget",
        "studio-menu"
      ],
      "enabled": true
    },
    "@kb-labs/scaffold": {
      "version": "0.1.0",
      "integrity": "sha256-LuSB8HT0SurwqxDWoQzE5PsvahGvg5vbjGXbn5VGYSs=",
      "resolvedPath": "./plugins/scaffold/entry",
      "installedAt": "2026-04-14T16:05:02.438Z",
      "source": "local",
      "primaryKind": "plugin",
      "provides": [
        "plugin",
        "cli-command"
      ],
      "enabled": true
    },
    "@kb-labs/test-plugin-entry": {
      "version": "0.1.0",
      "integrity": "sha256-ZIZs6uOapVMkDhJSBrbAIbhPjo4SbqzA2kicBRKXpbY=",
      "resolvedPath": ".kb/plugins/test-plugin/packages/test-plugin-entry",
      "installedAt": "2026-04-14T16:26:05.912Z",
      "source": "local",
      "primaryKind": "plugin",
      "provides": [
        "plugin"
      ],
      "enabled": true
    }
  }
}
