{
  "schema": "kb.marketplace/2",
  "installed": {
    "@kb-labs/adapters-workspace-worktree": {
      "version": "2.94.0",
      "integrity": "sha256-agL+ocetn4VZTgidvcTJ1QW5FVT5GMjjbEc2mxzcluo=",
      "resolvedPath": "./adapters/workspace-worktree",
      "installedAt": "2026-05-16T11:51:11.151Z",
      "source": "marketplace",
      "primaryKind": "adapter",
      "provides": [
        "adapter"
      ],
      "enabled": true,
      "trust": "untrusted"
    },
    "@kb-labs/adapters-workspace-localfs": {
      "version": "2.94.0",
      "integrity": "sha256-8RmAwd2l0b0s8EYS28HvGeKoULAWDl2+kWIGLDPCWCc=",
      "resolvedPath": "./adapters/workspace-localfs",
      "installedAt": "2026-05-16T11:51:30.856Z",
      "source": "marketplace",
      "primaryKind": "adapter",
      "provides": [
        "adapter"
      ],
      "enabled": true,
      "trust": "untrusted"
    },
    "@kb-labs/adapters-workspace-agent": {
      "version": "2.94.0",
      "integrity": "sha256-vbsf5bLQKXSXcnM6Y/ckmU5vIZzW/0oTu/3tGG6O/Fs=",
      "resolvedPath": "./adapters/workspace-agent",
      "installedAt": "2026-05-16T11:51:50.309Z",
      "source": "marketplace",
      "primaryKind": "adapter",
      "provides": [
        "adapter"
      ],
      "enabled": true,
      "trust": "untrusted"
    },
    "@kb-labs/adapters-vibeproxy": {
      "version": "2.94.0",
      "integrity": "sha256-7f6h2JI4ufLNzSPlfUE3rgeXMAU1ZmWhZJtP0zaQWKQ=",
      "resolvedPath": "./adapters/vibeproxy",
      "installedAt": "2026-05-16T11:52:11.334Z",
      "source": "marketplace",
      "primaryKind": "adapter",
      "provides": [
        "adapter"
      ],
      "enabled": true,
      "trust": "untrusted"
    },
    "@kb-labs/adapters-sqlite": {
      "version": "2.94.0",
      "integrity": "sha256-7W2yuHh10hcfTnZxxYcdHxdyBjWfhBwnCrz/azPDD/I=",
      "resolvedPath": "./adapters/sqlite",
      "installedAt": "2026-05-16T11:52:32.753Z",
      "source": "marketplace",
      "primaryKind": "adapter",
      "provides": [
        "adapter"
      ],
      "enabled": true,
      "trust": "untrusted"
    },
    "@kb-labs/adapters-snapshot-localfs": {
      "version": "2.94.0",
      "integrity": "sha256-pVjdbYcXKPP70WF227q7C5sxywPiARzLLa6oVZDWtr0=",
      "resolvedPath": "./adapters/snapshot-localfs",
      "installedAt": "2026-05-16T11:52:51.358Z",
      "source": "marketplace",
      "primaryKind": "adapter",
      "provides": [
        "adapter"
      ],
      "enabled": true,
      "trust": "untrusted"
    },
    "@kb-labs/adapters-redis": {
      "version": "2.94.0",
      "integrity": "sha256-ot2GHfj1txWpeccWhr2SL07ND+sdtvQ+DpiaQDezHGA=",
      "resolvedPath": "./adapters/redis",
      "installedAt": "2026-05-16T11:53:09.508Z",
      "source": "marketplace",
      "primaryKind": "adapter",
      "provides": [
        "adapter"
      ],
      "enabled": true,
      "trust": "untrusted"
    },
    "@kb-labs/adapters-qdrant": {
      "version": "2.94.0",
      "integrity": "sha256-6yl0qKHbU956nmXpqbE4ZXnVtQl5Q7y+bZtyzuW8a5o=",
      "resolvedPath": "./adapters/qdrant",
      "installedAt": "2026-05-16T11:53:28.719Z",
      "source": "marketplace",
      "primaryKind": "adapter",
      "provides": [
        "adapter"
      ],
      "enabled": true,
      "trust": "untrusted"
    },
    "@kb-labs/adapters-pino": {
      "version": "2.94.0",
      "integrity": "sha256-13mX6CN1Yb9W0dMryJhLTbvtLqqOoBhF5trbEruC1FU=",
      "resolvedPath": "./adapters/pino",
      "installedAt": "2026-05-16T11:53:50.797Z",
      "source": "marketplace",
      "primaryKind": "adapter",
      "provides": [
        "adapter"
      ],
      "enabled": true,
      "trust": "untrusted"
    },
    "@kb-labs/adapters-openai": {
      "version": "2.94.0",
      "integrity": "sha256-dcbqv35PnEm+bqajOEhXOq9OOUJzH44bB41GBXesW20=",
      "resolvedPath": "./adapters/openai",
      "installedAt": "2026-05-16T11:54:11.951Z",
      "source": "marketplace",
      "primaryKind": "adapter",
      "provides": [
        "adapter"
      ],
      "enabled": true,
      "trust": "untrusted"
    },
    "@kb-labs/adapters-voyage-ai": {
      "version": "2.105.0",
      "resolvedPath": "./adapters/voyage-ai",
      "installedAt": "2026-05-10T00:00:00.000Z",
      "source": "local",
      "primaryKind": "adapter",
      "provides": [
        "adapter"
      ],
      "enabled": true,
      "integrity": "sha256-M7QdPimpfi0ocC/GDoBzJjnGpldNLLTMsYZT9GALWjw="
    },
    "@kb-labs/adapters-mongodb": {
      "version": "2.105.0",
      "integrity": "sha256-LnmuDIZv0uELzL1Rfix2KpzgMCTWNumVI0CvtiPAgcA=",
      "resolvedPath": "./adapters/mongodb",
      "installedAt": "2026-04-11T10:50:13.109Z",
      "source": "local",
      "primaryKind": "adapter",
      "provides": [
        "adapter"
      ],
      "enabled": true
    },
    "@kb-labs/adapters-log-sqlite": {
      "version": "0.8.0",
      "integrity": "sha256-C0pltNuBxKbK1EZ45XBBGujikyKFIxVangrq+PR5pEw=",
      "resolvedPath": "./adapters/log-sqlite",
      "installedAt": "2026-04-11T10:50:13.109Z",
      "source": "local",
      "primaryKind": "adapter",
      "provides": [
        "adapter"
      ],
      "enabled": true
    },
    "@kb-labs/adapters-log-ringbuffer": {
      "version": "2.105.0",
      "integrity": "sha256-1ckH1Qiap1g8XAJO4J3H9dS8zgI7sZ8+PpusKmO17tY=",
      "resolvedPath": "./adapters/log-ringbuffer",
      "installedAt": "2026-04-11T10:50:13.109Z",
      "source": "local",
      "primaryKind": "adapter",
      "provides": [
        "adapter"
      ],
      "enabled": true
    },
    "@kb-labs/adapters-kblabs-gateway": {
      "version": "2.105.0",
      "integrity": "sha256-TCcVHAQH1Yj0ABCXhZeFhN1vlLVsV5kWR5ruYil9u4k=",
      "resolvedPath": "./adapters/kblabs-gateway",
      "installedAt": "2026-04-11T10:50:13.110Z",
      "source": "local",
      "primaryKind": "adapter",
      "provides": [
        "adapter"
      ],
      "enabled": true
    },
    "@kb-labs/data-store": {
      "version": "2.105.0",
      "integrity": "sha256-zKQT7niUFwhesiUGwcgAv/THXJq35+cEhwAFPYH41zI=",
      "resolvedPath": "./adapters/fs",
      "installedAt": "2026-04-11T10:50:13.110Z",
      "source": "local",
      "primaryKind": "adapter",
      "provides": [
        "adapter"
      ],
      "enabled": true
    },
    "@kb-labs/adapters-eventbus-cache": {
      "version": "2.105.0",
      "integrity": "sha256-ZnIDYqq+vBfMrQvZ0QgdqDd5wmroJ+QRMH2RUr6ESfE=",
      "resolvedPath": "./adapters/eventbus-cache",
      "installedAt": "2026-04-11T10:50:13.111Z",
      "source": "local",
      "primaryKind": "adapter",
      "provides": [
        "adapter"
      ],
      "enabled": true
    },
    "@kb-labs/adapters-environment-docker": {
      "version": "2.105.0",
      "integrity": "sha256-b1pI04gsRvD6Pys4mwWKudj98SD65662kH+2grm1SBI=",
      "resolvedPath": "./adapters/environment-docker",
      "installedAt": "2026-04-11T10:50:13.111Z",
      "source": "local",
      "primaryKind": "adapter",
      "provides": [
        "adapter"
      ],
      "enabled": true
    },
    "@kb-labs/adapters-analytics-sqlite": {
      "version": "2.105.0",
      "integrity": "sha256-jPcoAcpD5MZeVcvcfc0LSAShfwAhYpqerOPuSJMxDjc=",
      "resolvedPath": "./adapters/analytics-sqlite",
      "installedAt": "2026-04-11T10:50:13.112Z",
      "source": "local",
      "primaryKind": "adapter",
      "provides": [
        "adapter"
      ],
      "enabled": true
    },
    "@kb-labs/adapters-analytics-file": {
      "version": "2.105.0",
      "integrity": "sha256-2PFTuXPSczWuKET9SuPG0WJ6DX0dLEefvM79UUekamA=",
      "resolvedPath": "./adapters/analytics-file",
      "installedAt": "2026-04-11T10:50:13.112Z",
      "source": "local",
      "primaryKind": "adapter",
      "provides": [
        "adapter"
      ],
      "enabled": true
    },
    "@kb-labs/adapters-analytics-duckdb": {
      "version": "2.105.0",
      "integrity": "sha256-KY5bhoTg6iSScYIxdb6p8h9yTTo56oDIeTDnPJmnH5o=",
      "resolvedPath": "./adapters/analytics-duckdb",
      "installedAt": "2026-04-11T10:50:13.112Z",
      "source": "local",
      "primaryKind": "adapter",
      "provides": [
        "adapter"
      ],
      "enabled": true
    },
    "@kb-labs/policy-core": {
      "version": "2.105.0",
      "integrity": "sha256-v9Gk9EDmLjwTQiIsK/gMxLnefEuM4RqdS4ilCXPKW60=",
      "resolvedPath": "./plugins/policy/core",
      "installedAt": "2026-04-11T10:50:13.114Z",
      "source": "local",
      "primaryKind": "plugin",
      "provides": [
        "plugin",
        "cli-command"
      ],
      "enabled": true
    },
    "@kb-labs/impact-core": {
      "version": "2.105.0",
      "integrity": "sha256-Ho+7dIh6wU88rgNcnM5IDyLaB+SFRrQrijfAEDp1Ke8=",
      "resolvedPath": "./plugins/impact/core",
      "installedAt": "2026-04-11T10:50:13.115Z",
      "source": "local",
      "primaryKind": "plugin",
      "provides": [
        "plugin",
        "cli-command"
      ],
      "enabled": true
    },
    "@kb-labs/workflow": {
      "version": "2.105.0",
      "integrity": "sha256-VocSlFfrPzKhcypuOg/iBLeHfjdQcu4R/jlT2tW0JlM=",
      "resolvedPath": "./plugins/workflow/entry",
      "installedAt": "2026-04-12T15:19:02.455Z",
      "source": "local",
      "primaryKind": "plugin",
      "provides": [
        "plugin",
        "cli-command",
        "rest-route",
        "ws-channel",
        "studio-widget",
        "studio-menu"
      ],
      "enabled": true
    },
    "@kb-labs/review": {
      "version": "2.105.0",
      "integrity": "sha256-3CfsYpk026yyp7DqK/ciBrgZ3xZs3McnAv2yIlEPoAo=",
      "resolvedPath": "./plugins/review/entry",
      "installedAt": "2026-04-12T15:19:02.456Z",
      "source": "local",
      "primaryKind": "plugin",
      "provides": [
        "plugin",
        "cli-command"
      ],
      "enabled": true
    },
    "@kb-labs/quality": {
      "version": "2.105.0",
      "integrity": "sha256-Efuzy83aX2ZKisI9jvP8NnI2QKrntUXrWg3mUmKaqI4=",
      "resolvedPath": "./plugins/quality/entry",
      "installedAt": "2026-04-12T15:19:02.483Z",
      "source": "local",
      "primaryKind": "plugin",
      "provides": [
        "plugin",
        "cli-command",
        "rest-route",
        "studio-widget",
        "studio-menu"
      ],
      "enabled": true
    },
    "@kb-labs/qa": {
      "version": "2.105.0",
      "integrity": "sha256-aEASHnn2WsWmndEYi1agedycG5SV3kiuZkhdT/xJBRk=",
      "resolvedPath": "./plugins/qa/entry",
      "installedAt": "2026-04-12T15:19:02.765Z",
      "source": "local",
      "primaryKind": "plugin",
      "provides": [
        "plugin",
        "cli-command",
        "rest-route",
        "studio-widget",
        "studio-menu"
      ],
      "enabled": true
    },
    "@kb-labs/mind": {
      "version": "2.105.0",
      "integrity": "sha256-dZ2G9WgHS4nYMRWaTIkifbcL3o44N9OM2J+9iSQGMrs=",
      "resolvedPath": "./plugins/mind/entry",
      "installedAt": "2026-04-12T15:19:02.773Z",
      "source": "local",
      "primaryKind": "plugin",
      "provides": [
        "plugin",
        "cli-command",
        "rest-route"
      ],
      "enabled": true
    },
    "@kb-labs/marketplace": {
      "version": "2.105.0",
      "integrity": "sha256-Z4NWQ06SIP//4ktlqkNQQddVoBmkIinbeKhAZYQ4UmU=",
      "resolvedPath": "./plugins/marketplace/entry",
      "installedAt": "2026-04-12T15:19:02.780Z",
      "source": "local",
      "primaryKind": "plugin",
      "provides": [
        "plugin",
        "cli-command"
      ],
      "enabled": true
    },
    "@kb-labs/host-agent": {
      "version": "2.105.0",
      "integrity": "sha256-g03t+aNMGLK3pSIFjBHW778iTtU1pG4UA5dEcyRSPno=",
      "resolvedPath": "./plugins/host-agent/entry",
      "installedAt": "2026-04-12T15:19:02.781Z",
      "source": "local",
      "primaryKind": "plugin",
      "provides": [
        "plugin",
        "cli-command"
      ],
      "enabled": true
    },
    "@kb-labs/devlink": {
      "version": "2.105.0",
      "integrity": "sha256-y8Wi0KRkkqeJuJUhRSWfKd/3SmySQZlpN5UjGgLtpyE=",
      "resolvedPath": "./plugins/devlink/entry",
      "installedAt": "2026-04-12T15:19:02.796Z",
      "source": "local",
      "primaryKind": "plugin",
      "provides": [
        "plugin",
        "cli-command"
      ],
      "enabled": true
    },
    "@kb-labs/commit": {
      "version": "2.105.0",
      "integrity": "sha256-OZQR/MIIRHbAQ3BqgETG/qrX+T5Trq1yW1bTp91ICE0=",
      "resolvedPath": "./plugins/commit/entry",
      "installedAt": "2026-04-12T15:19:02.803Z",
      "source": "local",
      "primaryKind": "plugin",
      "provides": [
        "plugin",
        "cli-command",
        "rest-route",
        "studio-widget",
        "studio-menu"
      ],
      "enabled": true
    },
    "@kb-labs/agent": {
      "version": "2.105.0",
      "integrity": "sha256-S93yHmUWgfCb7UgQyvAS9WdDlNSGAoFfe2uGb3KXadM=",
      "resolvedPath": "./plugins/agents/entry",
      "installedAt": "2026-04-12T15:19:02.807Z",
      "source": "local",
      "primaryKind": "plugin",
      "provides": [
        "plugin",
        "cli-command",
        "rest-route",
        "ws-channel",
        "studio-widget",
        "studio-menu"
      ],
      "enabled": true
    },
    "@kb-labs/scaffold": {
      "version": "2.105.0",
      "integrity": "sha256-eU9Tv1ZtM0eeRlqB3Z5KFCS5ENNZHwkx0iVE/GTy4dY=",
      "resolvedPath": "./plugins/scaffold/entry",
      "installedAt": "2026-04-14T16:05:02.438Z",
      "source": "local",
      "primaryKind": "plugin",
      "provides": [
        "plugin",
        "cli-command"
      ],
      "enabled": true
    },
    "@kb-labs/release": {
      "version": "2.105.0",
      "integrity": "sha256-k0dbdze+2ChFLFA2GIqTY8crZa4ScmxF7Hz9uSZZAMg=",
      "resolvedPath": "./plugins/release/manager-cli",
      "installedAt": "2026-04-23T00:00:00.000Z",
      "source": "local",
      "primaryKind": "plugin",
      "provides": [
        "plugin",
        "cli-command",
        "workflow-template"
      ],
      "enabled": true
    },
    "@kb-labs/github-entry": {
      "version": "2.105.0",
      "integrity": "sha256-wTf8Ls9bBCtvdJnO/vgP8kgETt6jdPz5TpNdM20WOrU=",
      "resolvedPath": "./plugins/github/entry",
      "installedAt": "2026-04-27T12:42:20.736Z",
      "source": "local",
      "primaryKind": "plugin",
      "provides": [
        "plugin",
        "workflow"
      ],
      "enabled": true
    },
    "@kb-labs/clickup": {
      "version": "2.105.0",
      "integrity": "sha256-5SHEq97IGT1FEYTSU3poTeMoPu0j7Odz2ZCfBazh2qI=",
      "resolvedPath": "./plugins/clickup/entry",
      "installedAt": "2026-05-14T21:11:02.022Z",
      "source": "local",
      "primaryKind": "plugin",
      "provides": [
        "plugin",
        "cli-command"
      ],
      "enabled": true
    },
    "@kb-labs/notifier-test": {
      "version": "0.1.0",
      "integrity": "sha256-oRptKFwNJmiu8YlrBBwjDipGD6WY667EbP9Z4jv1SSA=",
      "resolvedPath": "./tmp/notifier-test/packages/notifier-test-entry",
      "installedAt": "2026-05-15T23:12:17.798Z",
      "source": "local",
      "primaryKind": "plugin",
      "provides": [
        "plugin",
        "cli-command"
      ],
      "enabled": true
    },
    "kb:kirill/": {
      "version": "kb-labs/commit-entry",
      "integrity": "",
      "resolvedPath": "./node_modules/kb:kirill",
      "installedAt": "2026-05-15T23:44:47.572Z",
      "source": "marketplace",
      "primaryKind": "plugin",
      "provides": [
        "plugin"
      ],
      "enabled": true
    },
    "@kb-labs/adapters-telegram": {
      "version": "2.105.0",
      "integrity": "sha256-uWAOEfgZZBgD9oorf9D1T+lVLqnwbDPIjChFa46vJUA=",
      "resolvedPath": "./adapters/telegram",
      "installedAt": "2026-05-16T11:51:27.958Z",
      "source": "local",
      "primaryKind": "adapter",
      "provides": [
        "adapter"
      ],
      "enabled": true,
      "trust": "untrusted"
    },
    "@kb-labs/marketplace-registry": {
      "version": "2.105.0",
      "integrity": "sha256-OulFdqAWSu4oZuJkSvuJ4HvTjoDPzEZdCiCRAOIXbqA=",
      "resolvedPath": "./plugins/marketplace-registry/entry",
      "installedAt": "2026-05-16T11:51:28.362Z",
      "source": "local",
      "primaryKind": "plugin",
      "provides": [
        "plugin",
        "cli-command"
      ],
      "enabled": true,
      "trust": "untrusted"
    },
    "@kb-labs/quality-entry": {
      "version": "2.105.0",
      "integrity": "sha256-Efuzy83aX2ZKisI9jvP8NnI2QKrntUXrWg3mUmKaqI4=",
      "resolvedPath": "./plugins/quality/entry",
      "installedAt": "2026-05-17T09:12:30.300Z",
      "source": "local",
      "primaryKind": "plugin",
      "provides": [
        "plugin",
        "cli-command",
        "rest-route",
        "studio-widget",
        "studio-menu"
      ],
      "enabled": true,
      "trust": "untrusted"
    },
    "@kb-labs/adapters-service-transport-http": {
      "version": "2.105.0",
      "integrity": "sha256-jQXZAOrP0DMw9xjOwrMaHp4sVtIiEe6+GcV9O775RXc=",
      "resolvedPath": "./adapters/service-transport-http",
      "installedAt": "2026-04-11T10:50:13.110Z",
      "source": "local",
      "primaryKind": "adapter",
      "provides": [
        "adapter"
      ],
      "enabled": true,
      "trust": "untrusted"
    },
    "@kb-labs/steward": {
      "version": "0.1.0",
      "integrity": "sha256-JeeKJrYK9vfrqwNrvuLOqorIYjoGBY1EBlH+TOHEw/0=",
      "resolvedPath": "./plugins/steward/entry",
      "installedAt": "2026-08-14T14:38:00.759Z",
      "source": "local",
      "primaryKind": "plugin",
      "provides": [
        "plugin",
        "cli-command"
      ],
      "enabled": true,
      "trust": "untrusted"
    }
  }
}
